// !$*UTF8*$!
{
	archiveVersion = 1;
	classes = {
	};
	objectVersion = 46;
	objects = {

/* Begin PBXBuildFile section */
		95E1D66B1F255DD600218A60 /* AppDelegate.swift in Sources */ = {isa = PBXBuildFile; fileRef = 95E1D66A1F255DD600218A60 /* AppDelegate.swift */; };
		95E1D66D1F255DD600218A60 /* ViewController.swift in Sources */ = {isa = PBXBuildFile; fileRef = 95E1D66C1F255DD600218A60 /* ViewController.swift */; };
		95E1D6701F255DD600218A60 /* Main.storyboard in Resources */ = {isa = PBXBuildFile; fileRef = 95E1D66E1F255DD600218A60 /* Main.storyboard */; };
		95E1D6721F255DD600218A60 /* Assets.xcassets in Resources */ = {isa = PBXBuildFile; fileRef = 95E1D6711F255DD600218A60 /* Assets.xcassets */; };
		95E1D6751F255DD600218A60 /* LaunchScreen.storyboard in Resources */ = {isa = PBXBuildFile; fileRef = 95E1D6731F255DD600218A60 /* LaunchScreen.storyboard */; };
		95E1D6801F255DD700218A60 /* CrearPizzasUITests.swift in Sources */ = {isa = PBXBuildFile; fileRef = 95E1D67F1F255DD700218A60 /* CrearPizzasUITests.swift */; };
/* End PBXBuildFile section */

/* Begin PBXContainerItemProxy section */
		95E1D67C1F255DD700218A60 /* PBXContainerItemProxy */ = {
			isa = PBXContainerItemProxy;
			containerPortal = 95E1D65F1F255DD600218A60 /* Project object */;
			proxyType = 1;
			remoteGlobalIDString = 95E1D6661F255DD600218A60;
			remoteInfo = CrearPizzas;
		};
/* End PBXContainerItemProxy section */

/* Begin PBXFileReference section */
		95E1D6671F255DD600218A60 /* CrearPizzas.app */ = {isa = PBXFileReference; explicitFileType = wrapper.application; includeInIndex = 0; path = CrearPizzas.app; sourceTree = BUILT_PRODUCTS_DIR; };
		95E1D66A1F255DD600218A60 /* AppDelegate.swift */ = {isa = PBXFileReference; lastKnownFileType = sourcecode.swift; path = AppDelegate.swift; sourceTree = "<group>"; };
		95E1D66C1F255DD600218A60 /* ViewController.swift */ = {isa = PBXFileReference; lastKnownFileType = sourcecode.swift; path = ViewController.swift; sourceTree = "<group>"; };
		95E1D66F1F255DD600218A60 /* Base */ = {isa = PBXFileReference; lastKnownFileType = file.storyboard; name = Base; path = Base.lproj/Main.storyboard; sourceTree = "<group>"; };
		95E1D6711F255DD600218A60 /* Assets.xcassets */ = {isa = PBXFileReference; lastKnownFileType = folder.assetcatalog; path = Assets.xcassets; sourceTree = "<group>"; };
		95E1D6741F255DD600218A60 /* Base */ = {isa = PBXFileReference; lastKnownFileType = file.storyboard; name = Base; path = Base.lproj/LaunchScreen.storyboard; sourceTree = "<group>"; };
		95E1D6761F255DD600218A60 /* Info.plist */ = {isa = PBXFileReference; lastKnownFileType = text.plist.xml; path = Info.plist; sourceTree = "<group>"; };
		95E1D67B1F255DD700218A60 /* CrearPizzasUITests.xctest */ = {isa = PBXFileReference; explicitFileType = wrapper.cfbundle; includeInIndex = 0; path = CrearPizzasUITests.xctest; sourceTree = BUILT_PRODUCTS_DIR; };
		95E1D67F1F255DD700218A60 /* CrearPizzasUITests.swift */ = {isa = PBXFileReference; lastKnownFileType = sourcecode.swift; path = CrearPizzasUITests.swift; sourceTree = "<group>"; };
		95E1D6811F255DD700218A60 /* Info.plist */ = {isa = PBXFileReference; lastKnownFileType = text.plist.xml; path = Info.plist; sourceTree = "<group>"; };
/* End PBXFileReference section */

/* Begin PBXFrameworksBuildPhase section */
		95E1D6641F255DD600218A60 /* Frameworks */ = {
			isa = PBXFrameworksBuildPhase;
			buildActionMask = 2147483647;
			files = (
			);
			runOnlyForDeploymentPostprocessing = 0;
		};
		95E1D6781F255DD700218A60 /* Frameworks */ = {
			isa = PBXFrameworksBuildPhase;
			buildActionMask = 2147483647;
			files = (
			);
			runOnlyForDeploymentPostprocessing = 0;
		};
/* End PBXFrameworksBuildPhase section */

/* Begin PBXGroup section */
		95E1D65E1F255DD600218A60 = {
			isa = PBXGroup;
			children = (
				95E1D6691F255DD600218A60 /* CrearPizzas */,
				95E1D67E1F255DD700218A60 /* CrearPizzasUITests */,
				95E1D6681F255DD600218A60 /* Products */,
			);
			sourceTree = "<group>";
		};
		95E1D6681F255DD600218A60 /* Products */ = {
			isa = PBXGroup;
			children = (
				95E1D6671F255DD600218A60 /* CrearPizzas.app */,
				95E1D67B1F255DD700218A60 /* CrearPizzasUITests.xctest */,
			);
			name = Products;
			sourceTree = "<group>";
		};
		95E1D6691F255DD600218A60 /* CrearPizzas */ = {
			isa = PBXGroup;
			children = (
				95E1D66A1F255DD600218A60 /* AppDelegate.swift */,
				95E1D66C1F255DD600218A60 /* ViewController.swift */,
				95E1D66E1F255DD600218A60 /* Main.storyboard */,
				95E1D6711F255DD600218A60 /* Assets.xcassets */,
				95E1D6731F255DD600218A60 /* LaunchScreen.storyboard */,
				95E1D6761F255DD600218A60 /* Info.plist */,
			);
			path = CrearPizzas;
			sourceTree = "<group>";
		};
		95E1D67E1F255DD700218A60 /* CrearPizzasUITests */ = {
			isa = PBXGroup;
			children = (
				95E1D67F1F255DD700218A60 /* CrearPizzasUITests.swift */,
				95E1D6811F255DD700218A60 /* Info.plist */,
			);
			path = CrearPizzasUITests;
			sourceTree = "<group>";
		};
/* End PBXGroup section */

/* Begin PBXNativeTarget section */
		95E1D6661F255DD600218A60 /* CrearPizzas */ = {
			isa = PBXNativeTarget;
			buildConfigurationList = 95E1D6841F255DD700218A60 /* Build configuration list for PBXNativeTarget "CrearPizzas" */;
			buildPhases = (
				95E1D6631F255DD600218A60 /* Sources */,
				95E1D6641F255DD600218A60 /* Frameworks */,
				95E1D6651F255DD600218A60 /* Resources */,
			);
			buildRules = (
			);
			dependencies = (
			);
			name = CrearPizzas;
			productName = CrearPizzas;
			productReference = 95E1D6671F255DD600218A60 /* CrearPizzas.app */;
			productType = "com.apple.product-type.application";
		};
		95E1D67A1F255DD700218A60 /* CrearPizzasUITests */ = {
			isa = PBXNativeTarget;
			buildConfigurationList = 95E1D6871F255DD700218A60 /* Build configuration list for PBXNativeTarget "CrearPizzasUITests" */;
			buildPhases = (
				95E1D6771F255DD700218A60 /* Sources */,
				95E1D6781F255DD700218A60 /* Frameworks */,
				95E1D6791F255DD700218A60 /* Resources */,
			);
			buildRules = (
			);
			dependencies = (
				95E1D67D1F255DD700218A60 /* PBXTargetDependency */,
			);
			name = CrearPizzasUITests;
			productName = CrearPizzasUITests;
			productReference = 95E1D67B1F255DD700218A60 /* CrearPizzasUITests.xctest */;
			productType = "com.apple.product-type.bundle.ui-testing";
		};
/* End PBXNativeTarget section */

/* Begin PBXProject section */
		95E1D65F1F255DD600218A60 /* Project object */ = {
			isa = PBXProject;
			attributes = {
				LastSwiftUpdateCheck = 0830;
				LastUpgradeCheck = 0830;
				ORGANIZATIONNAME = "Daniel Garcia";
				TargetAttributes = {
					95E1D6661F255DD600218A60 = {
						CreatedOnToolsVersion = 8.3.3;
						ProvisioningStyle = Automatic;
					};
					95E1D67A1F255DD700218A60 = {
						CreatedOnToolsVersion = 8.3.3;
						ProvisioningStyle = Automatic;
						TestTargetID = 95E1D6661F255DD600218A60;
					};
				};
			};
			buildConfigurationList = 95E1D6621F255DD600218A60 /* Build configuration list for PBXProject "CrearPizzas" */;
			compatibilityVersion = "Xcode 3.2";
			developmentRegion = English;
			hasScannedForEncodings = 0;
			knownRegions = (
				en,
				Base,
			);
			mainGroup = 95E1D65E1F255DD600218A60;
			productRefGroup = 95E1D6681F255DD600218A60 /* Products */;
			projectDirPath = "";
			projectRoot = "";
			targets = (
				95E1D6661F255DD600218A60 /* CrearPizzas */,
				95E1D67A1F255DD700218A60 /* CrearPizzasUITests */,
			);
		};
/* End PBXProject section */

/* Begin PBXResourcesBuildPhase section */
		95E1D6651F255DD600218A60 /* Resources */ = {
			isa = PBXResourcesBuildPhase;
			buildActionMask = 2147483647;
			files = (
				95E1D6751F255DD600218A60 /* LaunchScreen.storyboard in Resources */,
				95E1D6721F255DD600218A60 /* Assets.xcassets in Resources */,
				95E1D6701F255DD600218A60 /* Main.storyboard in Resources */,
			);
			runOnlyForDeploymentPostprocessing = 0;
		};
		95E1D6791F255DD700218A60 /* Resources */ = {
			isa = PBXResourcesBuildPhase;
			buildActionMask = 2147483647;
			files = (
			);
			runOnlyForDeploymentPostprocessing = 0;
		};
/* End PBXResourcesBuildPhase section */

/* Begin PBXSourcesBuildPhase section */
		95E1D6631F255DD600218A60 /* Sources */ = {
			isa = PBXSourcesBuildPhase;
			buildActionMask = 2147483647;
			files = (
				95E1D66D1F255DD600218A60 /* ViewController.swift in Sources */,
				95E1D66B1F255DD600218A60 /* AppDelegate.swift in Sources */,
			);
			runOnlyForDeploymentPostprocessing = 0;
		};
		95E1D6771F255DD700218A60 /* Sources */ = {
			isa = PBXSourcesBuildPhase;
			buildActionMask = 2147483647;
			files = (
				95E1D6801F255DD700218A60 /* CrearPizzasUITests.swift in Sources */,
			);
			runOnlyForDeploymentPostprocessing = 0;
		};
/* End PBXSourcesBuildPhase section */

/* Begin PBXTargetDependency section */
		95E1D67D1F255DD700218A60 /* PBXTargetDependency */ = {
			isa = PBXTargetDependency;
			target = 95E1D6661F255DD600218A60 /* CrearPizzas */;
			targetProxy = 95E1D67C1F255DD700218A60 /* PBXContainerItemProxy */;
		};
/* End PBXTargetDependency section */

/* Begin PBXVariantGroup section */
		95E1D66E1F255DD600218A60 /* Main.storyboard */ = {
			isa = PBXVariantGroup;
			children = (
				95E1D66F1F255DD600218A60 /* Base */,
			);
			name = Main.storyboard;
			sourceTree = "<group>";
		};
		95E1D6731F255DD600218A60 /* LaunchScreen.storyboard */ = {
			isa = PBXVariantGroup;
			children = (
				95E1D6741F255DD600218A60 /* Base */,
			);
			name = LaunchScreen.storyboard;
			sourceTree = "<group>";
		};
/* End PBXVariantGroup section */

/* Begin XCBuildConfiguration section */
		95E1D6821F255DD700218A60 /* Debug */ = {
			isa = XCBuildConfiguration;
			buildSettings = {
				ALWAYS_SEARCH_USER_PATHS = NO;
				CLANG_ANALYZER_NONNULL = YES;
				CLANG_ANALYZER_NUMBER_OBJECT_CONVERSION = YES_AGGRESSIVE;
				CLANG_CXX_LANGUAGE_STANDARD = "gnu++0x";
				CLANG_CXX_LIBRARY = "libc++";
				CLANG_ENABLE_MODULES = YES;
				CLANG_ENABLE_OBJC_ARC = YES;
				CLANG_WARN_BOOL_CONVERSION = YES;
				CLANG_WARN_CONSTANT_CONVERSION = YES;
				CLANG_WARN_DIRECT_OBJC_ISA_USAGE = YES_ERROR;
				CLANG_WARN_DOCUMENTATION_COMMENTS = YES;
				CLANG_WARN_EMPTY_BODY = YES;
				CLANG_WARN_ENUM_CONVERSION = YES;
				CLANG_WARN_INFINITE_RECURSION = YES;
				CLANG_WARN_INT_CONVERSION = YES;
				CLANG_WARN_OBJC_ROOT_CLASS = YES_ERROR;
				CLANG_WARN_SUSPICIOUS_MOVE = YES;
				CLANG_WARN_UNREACHABLE_CODE = YES;
				CLANG_WARN__DUPLICATE_METHOD_MATCH = YES;
				"CODE_SIGN_IDENTITY[sdk=iphoneos*]" = "iPhone Developer";
				COPY_PHASE_STRIP = NO;
				DEBUG_INFORMATION_FORMAT = dwarf;
				ENABLE_STRICT_OBJC_MSGSEND = YES;
				ENABLE_TESTABILITY = YES;
				GCC_C_LANGUAGE_STANDARD = gnu99;
				GCC_DYNAMIC_NO_PIC = NO;
				GCC_NO_COMMON_BLOCKS = YES;
				GCC_OPTIMIZATION_LEVEL = 0;
				GCC_PREPROCESSOR_DEFINITIONS = (
					"DEBUG=1",
					"$(inherited)",
				);
				GCC_WARN_64_TO_32_BIT_CONVERSION = YES;
				GCC_WARN_ABOUT_RETURN_TYPE = YES_ERROR;
				GCC_WARN_UNDECLARED_SELECTOR = YES;
				GCC_WARN_UNINITIALIZED_AUTOS = YES_AGGRESSIVE;
				GCC_WARN_UNUSED_FUNCTION = YES;
				GCC_WARN_UNUSED_VARIABLE = YES;
				IPHONEOS_DEPLOYMENT_TARGET = 10.3;
				MTL_ENABLE_DEBUG_INFO = YES;
				ONLY_ACTIVE_ARCH = YES;
				SDKROOT = iphoneos;
				SWIFT_ACTIVE_COMPILATION_CONDITIONS = DEBUG;
				SWIFT_OPTIMIZATION_LEVEL = "-Onone";
				TARGETED_DEVICE_FAMILY = "1,2";
			};
			name = Debug;
		};
		95E1D6831F255DD700218A60 /* Release */ = {
			isa = XCBuildConfiguration;
			buildSettings = {
				ALWAYS_SEARCH_USER_PATHS = NO;
				CLANG_ANALYZER_NONNULL = YES;
				CLANG_ANALYZER_NUMBER_OBJECT_CONVERSION = YES_AGGRESSIVE;
				CLANG_CXX_LANGUAGE_STANDARD = "gnu++0x";
				CLANG_CXX_LIBRARY = "libc++";
				CLANG_ENABLE_MODULES = YES;
				CLANG_ENABLE_OBJC_ARC = YES;
				CLANG_WARN_BOOL_CONVERSION = YES;
				CLANG_WARN_CONSTANT_CONVERSION = YES;
				CLANG_WARN_DIRECT_OBJC_ISA_USAGE = YES_ERROR;
				CLANG_WARN_DOCUMENTATION_COMMENTS = YES;
				CLANG_WARN_EMPTY_BODY = YES;
				CLANG_WARN_ENUM_CONVERSION = YES;
				CLANG_WARN_INFINITE_RECURSION = YES;
				CLANG_WARN_INT_CONVERSION = YES;
				CLANG_WARN_OBJC_ROOT_CLASS = YES_ERROR;
				CLANG_WARN_SUSPICIOUS_MOVE = YES;
				CLANG_WARN_UNREACHABLE_CODE = YES;
				CLANG_WARN__DUPLICATE_METHOD_MATCH = YES;
				"CODE_SIGN_IDENTITY[sdk=iphoneos*]" = "iPhone Developer";
				COPY_PHASE_STRIP = NO;
				DEBUG_INFORMATION_FORMAT = "dwarf-with-dsym";
				ENABLE_NS_ASSERTIONS = NO;
				ENABLE_STRICT_OBJC_MSGSEND = YES;
				GCC_C_LANGUAGE_STANDARD = gnu99;
				GCC_NO_COMMON_BLOCKS = YES;
				GCC_WARN_64_TO_32_BIT_CONVERSION = YES;
				GCC_WARN_ABOUT_RETURN_TYPE = YES_ERROR;
				GCC_WARN_UNDECLARED_SELECTOR = YES;
				GCC_WARN_UNINITIALIZED_AUTOS = YES_AGGRESSIVE;
				GCC_WARN_UNUSED_FUNCTION = YES;
				GCC_WARN_UNUSED_VARIABLE = YES;
				IPHONEOS_DEPLOYMENT_TARGET = 10.3;
				MTL_ENABLE_DEBUG_INFO = NO;
				SDKROOT = iphoneos;
				SWIFT_OPTIMIZATION_LEVEL = "-Owholemodule";
				TARGETED_DEVICE_FAMILY = "1,2";
				VALIDATE_PRODUCT = YES;
			};
			name = Release;
		};
		95E1D6851F255DD700218A60 /* Debug */ = {
			isa = XCBuildConfiguration;
			buildSettings = {
				ASSETCATALOG_COMPILER_APPICON_NAME = AppIcon;
				INFOPLIST_FILE = CrearPizzas/Info.plist;
				LD_RUNPATH_SEARCH_PATHS = "$(inherited) @executable_path/Frameworks";
				PRODUCT_BUNDLE_IDENTIFIER = "Daniel-Garcia.CrearPizzas";
				PRODUCT_NAME = "$(TARGET_NAME)";
				SWIFT_VERSION = 3.0;
			};
			name = Debug;
		};
		95E1D6861F255DD700218A60 /* Release */ = {
			isa = XCBuildConfiguration;
			buildSettings = {
				ASSETCATALOG_COMPILER_APPICON_NAME = AppIcon;
				INFOPLIST_FILE = CrearPizzas/Info.plist;
				LD_RUNPATH_SEARCH_PATHS = "$(inherited) @executable_path/Frameworks";
				PRODUCT_BUNDLE_IDENTIFIER = "Daniel-Garcia.CrearPizzas";
				PRODUCT_NAME = "$(TARGET_NAME)";
				SWIFT_VERSION = 3.0;
			};
			name = Release;
		};
		95E1D6881F255DD700218A60 /* Debug */ = {
			isa = XCBuildConfiguration;
			buildSettings = {
				ALWAYS_EMBED_SWIFT_STANDARD_LIBRARIES = YES;
				INFOPLIST_FILE = CrearPizzasUITests/Info.plist;
				LD_RUNPATH_SEARCH_PATHS = "$(inherited) @executable_path/Frameworks @loader_path/Frameworks";
				PRODUCT_BUNDLE_IDENTIFIER = "Daniel-Garcia.CrearPizzasUITests";
				PRODUCT_NAME = "$(TARGET_NAME)";
				SWIFT_VERSION = 3.0;
				TEST_TARGET_NAME = CrearPizzas;
			};
			name = Debug;
		};
		95E1D6891F255DD700218A60 /* Release */ = {
			isa = XCBuildConfiguration;
			buildSettings = {
				ALWAYS_EMBED_SWIFT_STANDARD_LIBRARIES = YES;
				INFOPLIST_FILE = CrearPizzasUITests/Info.plist;
				LD_RUNPATH_SEARCH_PATHS = "$(inherited) @executable_path/Frameworks @loader_path/Frameworks";
				PRODUCT_BUNDLE_IDENTIFIER = "Daniel-Garcia.CrearPizzasUITests";
				PRODUCT_NAME = "$(TARGET_NAME)";
				SWIFT_VERSION = 3.0;
				TEST_TARGET_NAME = CrearPizzas;
			};
			name = Release;
		};
/* End XCBuildConfiguration section */

/* Begin XCConfigurationList section */
		95E1D6621F255DD600218A60 /* Build configuration list for PBXProject "CrearPizzas" */ = {
			isa = XCConfigurationList;
			buildConfigurations = (
				95E1D6821F255DD700218A60 /* Debug */,
				95E1D6831F255DD700218A60 /* Release */,
			);
			defaultConfigurationIsVisible = 0;
			defaultConfigurationName = Release;
		};
		95E1D6841F255DD700218A60 /* Build configuration list for PBXNativeTarget "CrearPizzas" */ = {
			isa = XCConfigurationList;
			buildConfigurations = (
				95E1D6851F255DD700218A60 /* Debug */,
				95E1D6861F255DD700218A60 /* Release */,
			);
			defaultConfigurationIsVisible = 0;
		};
		95E1D6871F255DD700218A60 /* Build configuration list for PBXNativeTarget "CrearPizzasUITests" */ = {
			isa = XCConfigurationList;
			buildConfigurations = (
				95E1D6881F255DD700218A60 /* Debug */,
				95E1D6891F255DD700218A60 /* Release */,
			);
			defaultConfigurationIsVisible = 0;
		};
/* End XCConfigurationList section */
	};
	rootObject = 95E1D65F1F255DD600218A60 /* Project object */;
}
